// !$*UTF8*$!
{
	archiveVersion = 1;
	classes = {
	};
	objectVersion = 56;
	objects = {

/* Begin PBXBuildFile section */
		1143883ECEA3D920BFCF2001 /* Pods_Coins.framework in Frameworks */ = {isa = PBXBuildFile; fileRef = 82BABB5914D24E32568A1936 /* Pods_Coins.framework */; };
		2E4431DEB076893CA7C6DAE6 /* Pods_CoinsTests.framework in Frameworks */ = {isa = PBXBuildFile; fileRef = 3F216087E104840844920E3F /* Pods_CoinsTests.framework */; };
		6C612B082A62BC9700440990 /* AppDelegate.swift in Sources */ = {isa = PBXBuildFile; fileRef = 6C612B072A62BC9700440990 /* AppDelegate.swift */; };
		6C612B0A2A62BC9700440990 /* SceneDelegate.swift in Sources */ = {isa = PBXBuildFile; fileRef = 6C612B092A62BC9700440990 /* SceneDelegate.swift */; };
		6C612B112A62BC9800440990 /* Assets.xcassets in Resources */ = {isa = PBXBuildFile; fileRef = 6C612B102A62BC9800440990 /* Assets.xcassets */; };
		6C612B142A62BC9800440990 /* LaunchScreen.storyboard in Resources */ = {isa = PBXBuildFile; fileRef = 6C612B122A62BC9800440990 /* LaunchScreen.storyboard */; };
		6C612B1F2A62BC9800440990 /* CoinsTests.swift in Sources */ = {isa = PBXBuildFile; fileRef = 6C612B1E2A62BC9800440990 /* CoinsTests.swift */; };
		6C612B292A62BC9800440990 /* CoinsUITests.swift in Sources */ = {isa = PBXBuildFile; fileRef = 6C612B282A62BC9800440990 /* CoinsUITests.swift */; };
		6C612B2B2A62BC9800440990 /* CoinsUITestsLaunchTests.swift in Sources */ = {isa = PBXBuildFile; fileRef = 6C612B2A2A62BC9800440990 /* CoinsUITestsLaunchTests.swift */; };
		6C612B382A62BD5200440990 /* MainTabBarController.swift in Sources */ = {isa = PBXBuildFile; fileRef = 6C612B372A62BD5200440990 /* MainTabBarController.swift */; };
		6CDBA2442A6928FB00505EBA /* Coin.swift in Sources */ = {isa = PBXBuildFile; fileRef = 6CDBA2432A6928FB00505EBA /* Coin.swift */; };
		6CDBA2462A69290D00505EBA /* CoinDetail.swift in Sources */ = {isa = PBXBuildFile; fileRef = 6CDBA2452A69290D00505EBA /* CoinDetail.swift */; };
		6CDBA2482A69292000505EBA /* Image.swift in Sources */ = {isa = PBXBuildFile; fileRef = 6CDBA2472A69292000505EBA /* Image.swift */; };
		6CDBA24A2A69293200505EBA /* MarketData.swift in Sources */ = {isa = PBXBuildFile; fileRef = 6CDBA2492A69293200505EBA /* MarketData.swift */; };
		6CDBA24C2A69294700505EBA /* CurrentPrice.swift in Sources */ = {isa = PBXBuildFile; fileRef = 6CDBA24B2A69294700505EBA /* CurrentPrice.swift */; };
		6CDBA24E2A69295800505EBA /* Ticker.swift in Sources */ = {isa = PBXBuildFile; fileRef = 6CDBA24D2A69295800505EBA /* Ticker.swift */; };
		6CDBA2502A69296A00505EBA /* Market.swift in Sources */ = {isa = PBXBuildFile; fileRef = 6CDBA24F2A69296A00505EBA /* Market.swift */; };
		6CDBA2522A6929ED00505EBA /* CoinGeckoAPI.swift in Sources */ = {isa = PBXBuildFile; fileRef = 6CDBA2512A6929ED00505EBA /* CoinGeckoAPI.swift */; };
		6CDBA2542A692A0A00505EBA /* NetworkManager.swift in Sources */ = {isa = PBXBuildFile; fileRef = 6CDBA2532A692A0A00505EBA /* NetworkManager.swift */; };
		6CDBA2562A692AA500505EBA /* CoinListViewModel.swift in Sources */ = {isa = PBXBuildFile; fileRef = 6CDBA2552A692AA500505EBA /* CoinListViewModel.swift */; };
		6CDBA2592A692B3800505EBA /* Constants.swift in Sources */ = {isa = PBXBuildFile; fileRef = 6CDBA2582A692B3800505EBA /* Constants.swift */; };
		6CDBA25B2A692B5000505EBA /* Errors.swift in Sources */ = {isa = PBXBuildFile; fileRef = 6CDBA25A2A692B5000505EBA /* Errors.swift */; };
		6CDBA25E2A692BDB00505EBA /* CoinListViewController.swift in Sources */ = {isa = PBXBuildFile; fileRef = 6CDBA25D2A692BDB00505EBA /* CoinListViewController.swift */; };
		6CDBA2602A692C0700505EBA /* CoinDetailViewController.swift in Sources */ = {isa = PBXBuildFile; fileRef = 6CDBA25F2A692C0700505EBA /* CoinDetailViewController.swift */; };
		6CDBA2622A692C1F00505EBA /* MenuViewController.swift in Sources */ = {isa = PBXBuildFile; fileRef = 6CDBA2612A692C1F00505EBA /* MenuViewController.swift */; };
		6CDBA2642A692C3300505EBA /* CoinTableViewCell.swift in Sources */ = {isa = PBXBuildFile; fileRef = 6CDBA2632A692C3300505EBA /* CoinTableViewCell.swift */; };
		9CF9ED09AB0FF2DEDDF519B0 /* Pods_Coins_CoinsUITests.framework in Frameworks */ = {isa = PBXBuildFile; fileRef = BB34D22979F0E5E3CC836419 /* Pods_Coins_CoinsUITests.framework */; };
/* End PBXBuildFile section */

/* Begin PBXContainerItemProxy section */
		6C612B1B2A62BC9800440990 /* PBXContainerItemProxy */ = {
			isa = PBXContainerItemProxy;
			containerPortal = 6C612AFC2A62BC9700440990 /* Project object */;
			proxyType = 1;
			remoteGlobalIDString = 6C612B032A62BC9700440990;
			remoteInfo = Coins;
		};
		6C612B252A62BC9800440990 /* PBXContainerItemProxy */ = {
			isa = PBXContainerItemProxy;
			containerPortal = 6C612AFC2A62BC9700440990 /* Project object */;
			proxyType = 1;
			remoteGlobalIDString = 6C612B032A62BC9700440990;
			remoteInfo = Coins;
		};
/* End PBXContainerItemProxy section */

/* Begin PBXFileReference section */
		0B9441D6E9266EB3E715929B /* Pods-Coins.debug.xcconfig */ = {isa = PBXFileReference; includeInIndex = 1; lastKnownFileType = text.xcconfig; name = "Pods-Coins.debug.xcconfig"; path = "Target Support Files/Pods-Coins/Pods-Coins.debug.xcconfig"; sourceTree = "<group>"; };
		0E63C790CB6A227B205B5330 /* Pods-Coins-CoinsUITests.debug.xcconfig */ = {isa = PBXFileReference; includeInIndex = 1; lastKnownFileType = text.xcconfig; name = "Pods-Coins-CoinsUITests.debug.xcconfig"; path = "Target Support Files/Pods-Coins-CoinsUITests/Pods-Coins-CoinsUITests.debug.xcconfig"; sourceTree = "<group>"; };
		15EADA7079395D3BAEF5156F /* Pods-CoinsTests.debug.xcconfig */ = {isa = PBXFileReference; includeInIndex = 1; lastKnownFileType = text.xcconfig; name = "Pods-CoinsTests.debug.xcconfig"; path = "Target Support Files/Pods-CoinsTests/Pods-CoinsTests.debug.xcconfig"; sourceTree = "<group>"; };
		309302D3988B4DEC84F90812 /* Pods-Coins.release.xcconfig */ = {isa = PBXFileReference; includeInIndex = 1; lastKnownFileType = text.xcconfig; name = "Pods-Coins.release.xcconfig"; path = "Target Support Files/Pods-Coins/Pods-Coins.release.xcconfig"; sourceTree = "<group>"; };
		3F216087E104840844920E3F /* Pods_CoinsTests.framework */ = {isa = PBXFileReference; explicitFileType = wrapper.framework; includeInIndex = 0; path = Pods_CoinsTests.framework; sourceTree = BUILT_PRODUCTS_DIR; };
		647FB2D98E0A8BDC544027B9 /* Pods-CoinsTests.release.xcconfig */ = {isa = PBXFileReference; includeInIndex = 1; lastKnownFileType = text.xcconfig; name = "Pods-CoinsTests.release.xcconfig"; path = "Target Support Files/Pods-CoinsTests/Pods-CoinsTests.release.xcconfig"; sourceTree = "<group>"; };
		6C612B042A62BC9700440990 /* Coins.app */ = {isa = PBXFileReference; explicitFileType = wrapper.application; includeInIndex = 0; path = Coins.app; sourceTree = BUILT_PRODUCTS_DIR; };
		6C612B072A62BC9700440990 /* AppDelegate.swift */ = {isa = PBXFileReference; lastKnownFileType = sourcecode.swift; path = AppDelegate.swift; sourceTree = "<group>"; };
		6C612B092A62BC9700440990 /* SceneDelegate.swift */ = {isa = PBXFileReference; lastKnownFileType = sourcecode.swift; path = SceneDelegate.swift; sourceTree = "<group>"; };
		6C612B102A62BC9800440990 /* Assets.xcassets */ = {isa = PBXFileReference; lastKnownFileType = folder.assetcatalog; path = Assets.xcassets; sourceTree = "<group>"; };
		6C612B132A62BC9800440990 /* Base */ = {isa = PBXFileReference; lastKnownFileType = file.storyboard; name = Base; path = Base.lproj/LaunchScreen.storyboard; sourceTree = "<group>"; };
		6C612B152A62BC9800440990 /* Info.plist */ = {isa = PBXFileReference; lastKnownFileType = text.plist.xml; path = Info.plist; sourceTree = "<group>"; };
		6C612B1A2A62BC9800440990 /* CoinsTests.xctest */ = {isa = PBXFileReference; explicitFileType = wrapper.cfbundle; includeInIndex = 0; path = CoinsTests.xctest; sourceTree = BUILT_PRODUCTS_DIR; };
		6C612B1E2A62BC9800440990 /* CoinsTests.swift */ = {isa = PBXFileReference; lastKnownFileType = sourcecode.swift; path = CoinsTests.swift; sourceTree = "<group>"; };
		6C612B242A62BC9800440990 /* CoinsUITests.xctest */ = {isa = PBXFileReference; explicitFileType = wrapper.cfbundle; includeInIndex = 0; path = CoinsUITests.xctest; sourceTree = BUILT_PRODUCTS_DIR; };
		6C612B282A62BC9800440990 /* CoinsUITests.swift */ = {isa = PBXFileReference; lastKnownFileType = sourcecode.swift; path = CoinsUITests.swift; sourceTree = "<group>"; };
		6C612B2A2A62BC9800440990 /* CoinsUITestsLaunchTests.swift */ = {isa = PBXFileReference; lastKnownFileType = sourcecode.swift; path = CoinsUITestsLaunchTests.swift; sourceTree = "<group>"; };
		6C612B372A62BD5200440990 /* MainTabBarController.swift */ = {isa = PBXFileReference; lastKnownFileType = sourcecode.swift; path = MainTabBarController.swift; sourceTree = "<group>"; };
		6CDBA2432A6928FB00505EBA /* Coin.swift */ = {isa = PBXFileReference; lastKnownFileType = sourcecode.swift; path = Coin.swift; sourceTree = "<group>"; };
		6CDBA2452A69290D00505EBA /* CoinDetail.swift */ = {isa = PBXFileReference; lastKnownFileType = sourcecode.swift; path = CoinDetail.swift; sourceTree = "<group>"; };
		6CDBA2472A69292000505EBA /* Image.swift */ = {isa = PBXFileReference; lastKnownFileType = sourcecode.swift; path = Image.swift; sourceTree = "<group>"; };
		6CDBA2492A69293200505EBA /* MarketData.swift */ = {isa = PBXFileReference; lastKnownFileType = sourcecode.swift; path = MarketData.swift; sourceTree = "<group>"; };
		6CDBA24B2A69294700505EBA /* CurrentPrice.swift */ = {isa = PBXFileReference; lastKnownFileType = sourcecode.swift; path = CurrentPrice.swift; sourceTree = "<group>"; };
		6CDBA24D2A69295800505EBA /* Ticker.swift */ = {isa = PBXFileReference; lastKnownFileType = sourcecode.swift; path = Ticker.swift; sourceTree = "<group>"; };
		6CDBA24F2A69296A00505EBA /* Market.swift */ = {isa = PBXFileReference; lastKnownFileType = sourcecode.swift; path = Market.swift; sourceTree = "<group>"; };
		6CDBA2512A6929ED00505EBA /* CoinGeckoAPI.swift */ = {isa = PBXFileReference; lastKnownFileType = sourcecode.swift; path = CoinGeckoAPI.swift; sourceTree = "<group>"; };
		6CDBA2532A692A0A00505EBA /* NetworkManager.swift */ = {isa = PBXFileReference; lastKnownFileType = sourcecode.swift; path = NetworkManager.swift; sourceTree = "<group>"; };
		6CDBA2552A692AA500505EBA /* CoinListViewModel.swift */ = {isa = PBXFileReference; lastKnownFileType = sourcecode.swift; path = CoinListViewModel.swift; sourceTree = "<group>"; };
		6CDBA2582A692B3800505EBA /* Constants.swift */ = {isa = PBXFileReference; lastKnownFileType = sourcecode.swift; path = Constants.swift; sourceTree = "<group>"; };
		6CDBA25A2A692B5000505EBA /* Errors.swift */ = {isa = PBXFileReference; lastKnownFileType = sourcecode.swift; path = Errors.swift; sourceTree = "<group>"; };
		6CDBA25D2A692BDB00505EBA /* CoinListViewController.swift */ = {isa = PBXFileReference; lastKnownFileType = sourcecode.swift; path = CoinListViewController.swift; sourceTree = "<group>"; };
		6CDBA25F2A692C0700505EBA /* CoinDetailViewController.swift */ = {isa = PBXFileReference; lastKnownFileType = sourcecode.swift; path = CoinDetailViewController.swift; sourceTree = "<group>"; };
		6CDBA2612A692C1F00505EBA /* MenuViewController.swift */ = {isa = PBXFileReference; lastKnownFileType = sourcecode.swift; path = MenuViewController.swift; sourceTree = "<group>"; };
		6CDBA2632A692C3300505EBA /* CoinTableViewCell.swift */ = {isa = PBXFileReference; lastKnownFileType = sourcecode.swift; path = CoinTableViewCell.swift; sourceTree = "<group>"; };
		82BABB5914D24E32568A1936 /* Pods_Coins.framework */ = {isa = PBXFileReference; explicitFileType = wrapper.framework; includeInIndex = 0; path = Pods_Coins.framework; sourceTree = BUILT_PRODUCTS_DIR; };
		B1C01A9821C0ED30865C7B30 /* Pods-Coins-CoinsUITests.release.xcconfig */ = {isa = PBXFileReference; includeInIndex = 1; lastKnownFileType = text.xcconfig; name = "Pods-Coins-CoinsUITests.release.xcconfig"; path = "Target Support Files/Pods-Coins-CoinsUITests/Pods-Coins-CoinsUITests.release.xcconfig"; sourceTree = "<group>"; };
		BB34D22979F0E5E3CC836419 /* Pods_Coins_CoinsUITests.framework */ = {isa = PBXFileReference; explicitFileType = wrapper.framework; includeInIndex = 0; path = Pods_Coins_CoinsUITests.framework; sourceTree = BUILT_PRODUCTS_DIR; };
/* End PBXFileReference section */

/* Begin PBXFrameworksBuildPhase section */
		6C612B012A62BC9700440990 /* Frameworks */ = {
			isa = PBXFrameworksBuildPhase;
			buildActionMask = 2147483647;
			files = (
				1143883ECEA3D920BFCF2001 /* Pods_Coins.framework in Frameworks */,
			);
			runOnlyForDeploymentPostprocessing = 0;
		};
		6C612B172A62BC9800440990 /* Frameworks */ = {
			isa = PBXFrameworksBuildPhase;
			buildActionMask = 2147483647;
			files = (
				2E4431DEB076893CA7C6DAE6 /* Pods_CoinsTests.framework in Frameworks */,
			);
			runOnlyForDeploymentPostprocessing = 0;
		};
		6C612B212A62BC9800440990 /* Frameworks */ = {
			isa = PBXFrameworksBuildPhase;
			buildActionMask = 2147483647;
			files = (
				9CF9ED09AB0FF2DEDDF519B0 /* Pods_Coins_CoinsUITests.framework in Frameworks */,
			);
			runOnlyForDeploymentPostprocessing = 0;
		};
/* End PBXFrameworksBuildPhase section */

/* Begin PBXGroup section */
		6C0B5C142A62FBEC000EBC0C /* Models */ = {
			isa = PBXGroup;
			children = (
				6CDBA2432A6928FB00505EBA /* Coin.swift */,
				6CDBA2452A69290D00505EBA /* CoinDetail.swift */,
				6CDBA2472A69292000505EBA /* Image.swift */,
				6CDBA2492A69293200505EBA /* MarketData.swift */,
				6CDBA24B2A69294700505EBA /* CurrentPrice.swift */,
				6CDBA24D2A69295800505EBA /* Ticker.swift */,
				6CDBA24F2A69296A00505EBA /* Market.swift */,
			);
			name = Models;
			path = ..;
			sourceTree = "<group>";
		};
		6C0B5C152A62FBF6000EBC0C /* Views */ = {
			isa = PBXGroup;
			children = (
				6C612B372A62BD5200440990 /* MainTabBarController.swift */,
			);
			path = Views;
			sourceTree = "<group>";
		};
		6C0B5C162A62FC0B000EBC0C /* ViewModels */ = {
			isa = PBXGroup;
			children = (
				6CDBA2552A692AA500505EBA /* CoinListViewModel.swift */,
			);
			path = ViewModels;
			sourceTree = "<group>";
		};
		6C0B5C172A62FC1D000EBC0C /* Networking */ = {
			isa = PBXGroup;
			children = (
				6CDBA2512A6929ED00505EBA /* CoinGeckoAPI.swift */,
				6CDBA2532A692A0A00505EBA /* NetworkManager.swift */,
			);
			path = Networking;
			sourceTree = "<group>";
		};
		6C612AFB2A62BC9700440990 = {
			isa = PBXGroup;
			children = (
				6C612B062A62BC9700440990 /* Coins */,
				6C612B1D2A62BC9800440990 /* CoinsTests */,
				6C612B272A62BC9800440990 /* CoinsUITests */,
				6C612B052A62BC9700440990 /* Products */,
				F93756D14F6DC492A1F20AAE /* Pods */,
				C3254EAB6742167040C80190 /* Frameworks */,
			);
			sourceTree = "<group>";
		};
		6C612B052A62BC9700440990 /* Products */ = {
			isa = PBXGroup;
			children = (
				6C612B042A62BC9700440990 /* Coins.app */,
				6C612B1A2A62BC9800440990 /* CoinsTests.xctest */,
				6C612B242A62BC9800440990 /* CoinsUITests.xctest */,
			);
			name = Products;
			sourceTree = "<group>";
		};
		6C612B062A62BC9700440990 /* Coins */ = {
			isa = PBXGroup;
			children = (
				6C612B092A62BC9700440990 /* SceneDelegate.swift */,
				6C612B072A62BC9700440990 /* AppDelegate.swift */,
				6C0B5C152A62FBF6000EBC0C /* Views */,
				6C0B5C162A62FC0B000EBC0C /* ViewModels */,
				6CDBA25C2A692BC500505EBA /* Controllers */,
				6C0B5C142A62FBEC000EBC0C /* Models */,
				6C0B5C172A62FC1D000EBC0C /* Networking */,
				6CDBA2572A692B1800505EBA /* Helpers */,
				6C612B102A62BC9800440990 /* Assets.xcassets */,
				6C612B122A62BC9800440990 /* LaunchScreen.storyboard */,
				6C612B152A62BC9800440990 /* Info.plist */,
			);
			path = Coins;
			sourceTree = "<group>";
		};
		6C612B1D2A62BC9800440990 /* CoinsTests */ = {
			isa = PBXGroup;
			children = (
				6C612B1E2A62BC9800440990 /* CoinsTests.swift */,
			);
			path = CoinsTests;
			sourceTree = "<group>";
		};
		6C612B272A62BC9800440990 /* CoinsUITests */ = {
			isa = PBXGroup;
			children = (
				6C612B282A62BC9800440990 /* CoinsUITests.swift */,
				6C612B2A2A62BC9800440990 /* CoinsUITestsLaunchTests.swift */,
			);
			path = CoinsUITests;
			sourceTree = "<group>";
		};
		6CDBA2572A692B1800505EBA /* Helpers */ = {
			isa = PBXGroup;
			children = (
				6CDBA2582A692B3800505EBA /* Constants.swift */,
				6CDBA25A2A692B5000505EBA /* Errors.swift */,
			);
			path = Helpers;
			sourceTree = "<group>";
		};
		6CDBA25C2A692BC500505EBA /* Controllers */ = {
			isa = PBXGroup;
			children = (
				6CDBA2612A692C1F00505EBA /* MenuViewController.swift */,
				6CDBA25D2A692BDB00505EBA /* CoinListViewController.swift */,
				6CDBA2632A692C3300505EBA /* CoinTableViewCell.swift */,
				6CDBA25F2A692C0700505EBA /* CoinDetailViewController.swift */,
			);
			path = Controllers;
			sourceTree = "<group>";
		};
		C3254EAB6742167040C80190 /* Frameworks */ = {
			isa = PBXGroup;
			children = (
				82BABB5914D24E32568A1936 /* Pods_Coins.framework */,
				BB34D22979F0E5E3CC836419 /* Pods_Coins_CoinsUITests.framework */,
				3F216087E104840844920E3F /* Pods_CoinsTests.framework */,
			);
			name = Frameworks;
			sourceTree = "<group>";
		};
		F93756D14F6DC492A1F20AAE /* Pods */ = {
			isa = PBXGroup;
			children = (
				0B9441D6E9266EB3E715929B /* Pods-Coins.debug.xcconfig */,
				309302D3988B4DEC84F90812 /* Pods-Coins.release.xcconfig */,
				0E63C790CB6A227B205B5330 /* Pods-Coins-CoinsUITests.debug.xcconfig */,
				B1C01A9821C0ED30865C7B30 /* Pods-Coins-CoinsUITests.release.xcconfig */,
				15EADA7079395D3BAEF5156F /* Pods-CoinsTests.debug.xcconfig */,
				647FB2D98E0A8BDC544027B9 /* Pods-CoinsTests.release.xcconfig */,
			);
			path = Pods;
			sourceTree = "<group>";
		};
/* End PBXGroup section */

/* Begin PBXNativeTarget section */
		6C612B032A62BC9700440990 /* Coins */ = {
			isa = PBXNativeTarget;
			buildConfigurationList = 6C612B2E2A62BC9800440990 /* Build configuration list for PBXNativeTarget "Coins" */;
			buildPhases = (
				4A4D0ED551DAC6F0F7806FAE /* [CP] Check Pods Manifest.lock */,
				6C612B002A62BC9700440990 /* Sources */,
				6C612B012A62BC9700440990 /* Frameworks */,
				6C612B022A62BC9700440990 /* Resources */,
				F1EB296E5B685A5C4E39571A /* [CP] Embed Pods Frameworks */,
			);
			buildRules = (
			);
			dependencies = (
			);
			name = Coins;
			productName = Coins;
			productReference = 6C612B042A62BC9700440990 /* Coins.app */;
			productType = "com.apple.product-type.application";
		};
		6C612B192A62BC9800440990 /* CoinsTests */ = {
			isa = PBXNativeTarget;
			buildConfigurationList = 6C612B312A62BC9800440990 /* Build configuration list for PBXNativeTarget "CoinsTests" */;
			buildPhases = (
				26AE6E14E9A20CC037E48900 /* [CP] Check Pods Manifest.lock */,
				6C612B162A62BC9800440990 /* Sources */,
				6C612B172A62BC9800440990 /* Frameworks */,
				6C612B182A62BC9800440990 /* Resources */,
			);
			buildRules = (
			);
			dependencies = (
				6C612B1C2A62BC9800440990 /* PBXTargetDependency */,
			);
			name = CoinsTests;
			productName = CoinsTests;
			productReference = 6C612B1A2A62BC9800440990 /* CoinsTests.xctest */;
			productType = "com.apple.product-type.bundle.unit-test";
		};
		6C612B232A62BC9800440990 /* CoinsUITests */ = {
			isa = PBXNativeTarget;
			buildConfigurationList = 6C612B342A62BC9800440990 /* Build configuration list for PBXNativeTarget "CoinsUITests" */;
			buildPhases = (
				57225FB878E90D01613A4B5A /* [CP] Check Pods Manifest.lock */,
				6C612B202A62BC9800440990 /* Sources */,
				6C612B212A62BC9800440990 /* Frameworks */,
				6C612B222A62BC9800440990 /* Resources */,
				61EE2E1F902C231BC341ECAE /* [CP] Embed Pods Frameworks */,
			);
			buildRules = (
			);
			dependencies = (
				6C612B262A62BC9800440990 /* PBXTargetDependency */,
			);
			name = CoinsUITests;
			productName = CoinsUITests;
			productReference = 6C612B242A62BC9800440990 /* CoinsUITests.xctest */;
			productType = "com.apple.product-type.bundle.ui-testing";
		};
/* End PBXNativeTarget section */

/* Begin PBXProject section */
		6C612AFC2A62BC9700440990 /* Project object */ = {
			isa = PBXProject;
			attributes = {
				BuildIndependentTargetsInParallel = 1;
				LastSwiftUpdateCheck = 1430;
				LastUpgradeCheck = 1430;
				TargetAttributes = {
					6C612B032A62BC9700440990 = {
						CreatedOnToolsVersion = 14.3.1;
					};
					6C612B192A62BC9800440990 = {
						CreatedOnToolsVersion = 14.3.1;
						TestTargetID = 6C612B032A62BC9700440990;
					};
					6C612B232A62BC9800440990 = {
						CreatedOnToolsVersion = 14.3.1;
						TestTargetID = 6C612B032A62BC9700440990;
					};
				};
			};
			buildConfigurationList = 6C612AFF2A62BC9700440990 /* Build configuration list for PBXProject "Coins" */;
			compatibilityVersion = "Xcode 14.0";
			developmentRegion = en;
			hasScannedForEncodings = 0;
			knownRegions = (
				en,
				Base,
			);
			mainGroup = 6C612AFB2A62BC9700440990;
			productRefGroup = 6C612B052A62BC9700440990 /* Products */;
			projectDirPath = "";
			projectRoot = "";
			targets = (
				6C612B032A62BC9700440990 /* Coins */,
				6C612B192A62BC9800440990 /* CoinsTests */,
				6C612B232A62BC9800440990 /* CoinsUITests */,
			);
		};
/* End PBXProject section */

/* Begin PBXResourcesBuildPhase section */
		6C612B022A62BC9700440990 /* Resources */ = {
			isa = PBXResourcesBuildPhase;
			buildActionMask = 2147483647;
			files = (
				6C612B142A62BC9800440990 /* LaunchScreen.storyboard in Resources */,
				6C612B112A62BC9800440990 /* Assets.xcassets in Resources */,
			);
			runOnlyForDeploymentPostprocessing = 0;
		};
		6C612B182A62BC9800440990 /* Resources */ = {
			isa = PBXResourcesBuildPhase;
			buildActionMask = 2147483647;
			files = (
			);
			runOnlyForDeploymentPostprocessing = 0;
		};
		6C612B222A62BC9800440990 /* Resources */ = {
			isa = PBXResourcesBuildPhase;
			buildActionMask = 2147483647;
			files = (
			);
			runOnlyForDeploymentPostprocessing = 0;
		};
/* End PBXResourcesBuildPhase section */

/* Begin PBXShellScriptBuildPhase section */
		26AE6E14E9A20CC037E48900 /* [CP] Check Pods Manifest.lock */ = {
			isa = PBXShellScriptBuildPhase;
			buildActionMask = 2147483647;
			files = (
			);
			inputFileListPaths = (
			);
			inputPaths = (
				"${PODS_PODFILE_DIR_PATH}/Podfile.lock",
				"${PODS_ROOT}/Manifest.lock",
			);
			name = "[CP] Check Pods Manifest.lock";
			outputFileListPaths = (
			);
			outputPaths = (
				"$(DERIVED_FILE_DIR)/Pods-CoinsTests-checkManifestLockResult.txt",
			);
			runOnlyForDeploymentPostprocessing = 0;
			shellPath = /bin/sh;
			shellScript = "diff \"${PODS_PODFILE_DIR_PATH}/Podfile.lock\" \"${PODS_ROOT}/Manifest.lock\" > /dev/null\nif [ $? != 0 ] ; then\n    # print error to STDERR\n    echo \"error: The sandbox is not in sync with the Podfile.lock. Run 'pod install' or update your CocoaPods installation.\" >&2\n    exit 1\nfi\n# This output is used by Xcode 'outputs' to avoid re-running this script phase.\necho \"SUCCESS\" > \"${SCRIPT_OUTPUT_FILE_0}\"\n";
			showEnvVarsInLog = 0;
		};
		4A4D0ED551DAC6F0F7806FAE /* [CP] Check Pods Manifest.lock */ = {
			isa = PBXShellScriptBuildPhase;
			buildActionMask = 2147483647;
			files = (
			);
			inputFileListPaths = (
			);
			inputPaths = (
				"${PODS_PODFILE_DIR_PATH}/Podfile.lock",
				"${PODS_ROOT}/Manifest.lock",
			);
			name = "[CP] Check Pods Manifest.lock";
			outputFileListPaths = (
			);
			outputPaths = (
				"$(DERIVED_FILE_DIR)/Pods-Coins-checkManifestLockResult.txt",
			);
			runOnlyForDeploymentPostprocessing = 0;
			shellPath = /bin/sh;
			shellScript = "diff \"${PODS_PODFILE_DIR_PATH}/Podfile.lock\" \"${PODS_ROOT}/Manifest.lock\" > /dev/null\nif [ $? != 0 ] ; then\n    # print error to STDERR\n    echo \"error: The sandbox is not in sync with the Podfile.lock. Run 'pod install' or update your CocoaPods installation.\" >&2\n    exit 1\nfi\n# This output is used by Xcode 'outputs' to avoid re-running this script phase.\necho \"SUCCESS\" > \"${SCRIPT_OUTPUT_FILE_0}\"\n";
			showEnvVarsInLog = 0;
		};
		57225FB878E90D01613A4B5A /* [CP] Check Pods Manifest.lock */ = {
			isa = PBXShellScriptBuildPhase;
			buildActionMask = 2147483647;
			files = (
			);
			inputFileListPaths = (
			);
			inputPaths = (
				"${PODS_PODFILE_DIR_PATH}/Podfile.lock",
				"${PODS_ROOT}/Manifest.lock",
			);
			name = "[CP] Check Pods Manifest.lock";
			outputFileListPaths = (
			);
			outputPaths = (
				"$(DERIVED_FILE_DIR)/Pods-Coins-CoinsUITests-checkManifestLockResult.txt",
			);
			runOnlyForDeploymentPostprocessing = 0;
			shellPath = /bin/sh;
			shellScript = "diff \"${PODS_PODFILE_DIR_PATH}/Podfile.lock\" \"${PODS_ROOT}/Manifest.lock\" > /dev/null\nif [ $? != 0 ] ; then\n    # print error to STDERR\n    echo \"error: The sandbox is not in sync with the Podfile.lock. Run 'pod install' or update your CocoaPods installation.\" >&2\n    exit 1\nfi\n# This output is used by Xcode 'outputs' to avoid re-running this script phase.\necho \"SUCCESS\" > \"${SCRIPT_OUTPUT_FILE_0}\"\n";
			showEnvVarsInLog = 0;
		};
		61EE2E1F902C231BC341ECAE /* [CP] Embed Pods Frameworks */ = {
			isa = PBXShellScriptBuildPhase;
			buildActionMask = 2147483647;
			files = (
			);
			inputFileListPaths = (
				"${PODS_ROOT}/Target Support Files/Pods-Coins-CoinsUITests/Pods-Coins-CoinsUITests-frameworks-${CONFIGURATION}-input-files.xcfilelist",
			);
			name = "[CP] Embed Pods Frameworks";
			outputFileListPaths = (
				"${PODS_ROOT}/Target Support Files/Pods-Coins-CoinsUITests/Pods-Coins-CoinsUITests-frameworks-${CONFIGURATION}-output-files.xcfilelist",
			);
			runOnlyForDeploymentPostprocessing = 0;
			shellPath = /bin/sh;
			shellScript = "\"${PODS_ROOT}/Target Support Files/Pods-Coins-CoinsUITests/Pods-Coins-CoinsUITests-frameworks.sh\"\n";
			showEnvVarsInLog = 0;
		};
		F1EB296E5B685A5C4E39571A /* [CP] Embed Pods Frameworks */ = {
			isa = PBXShellScriptBuildPhase;
			buildActionMask = 2147483647;
			files = (
			);
			inputFileListPaths = (
				"${PODS_ROOT}/Target Support Files/Pods-Coins/Pods-Coins-frameworks-${CONFIGURATION}-input-files.xcfilelist",
			);
			name = "[CP] Embed Pods Frameworks";
			outputFileListPaths = (
				"${PODS_ROOT}/Target Support Files/Pods-Coins/Pods-Coins-frameworks-${CONFIGURATION}-output-files.xcfilelist",
			);
			runOnlyForDeploymentPostprocessing = 0;
			shellPath = /bin/sh;
			shellScript = "\"${PODS_ROOT}/Target Support Files/Pods-Coins/Pods-Coins-frameworks.sh\"\n";
			showEnvVarsInLog = 0;
		};
/* End PBXShellScriptBuildPhase section */

/* Begin PBXSourcesBuildPhase section */
		6C612B002A62BC9700440990 /* Sources */ = {
			isa = PBXSourcesBuildPhase;
			buildActionMask = 2147483647;
			files = (
				6CDBA2542A692A0A00505EBA /* NetworkManager.swift in Sources */,
				6CDBA25B2A692B5000505EBA /* Errors.swift in Sources */,
				6CDBA2562A692AA500505EBA /* CoinListViewModel.swift in Sources */,
				6C612B082A62BC9700440990 /* AppDelegate.swift in Sources */,
				6CDBA2522A6929ED00505EBA /* CoinGeckoAPI.swift in Sources */,
				6CDBA2482A69292000505EBA /* Image.swift in Sources */,
				6C612B382A62BD5200440990 /* MainTabBarController.swift in Sources */,
				6CDBA24C2A69294700505EBA /* CurrentPrice.swift in Sources */,
				6CDBA24E2A69295800505EBA /* Ticker.swift in Sources */,
				6CDBA2462A69290D00505EBA /* CoinDetail.swift in Sources */,
				6CDBA2442A6928FB00505EBA /* Coin.swift in Sources */,
				6CDBA25E2A692BDB00505EBA /* CoinListViewController.swift in Sources */,
				6CDBA24A2A69293200505EBA /* MarketData.swift in Sources */,
				6CDBA2622A692C1F00505EBA /* MenuViewController.swift in Sources */,
				6CDBA2592A692B3800505EBA /* Constants.swift in Sources */,
				6C612B0A2A62BC9700440990 /* SceneDelegate.swift in Sources */,
				6CDBA2502A69296A00505EBA /* Market.swift in Sources */,
				6CDBA2602A692C0700505EBA /* CoinDetailViewController.swift in Sources */,
				6CDBA2642A692C3300505EBA /* CoinTableViewCell.swift in Sources */,
			);
			runOnlyForDeploymentPostprocessing = 0;
		};
		6C612B162A62BC9800440990 /* Sources */ = {
			isa = PBXSourcesBuildPhase;
			buildActionMask = 2147483647;
			files = (
				6C612B1F2A62BC9800440990 /* CoinsTests.swift in Sources */,
			);
			runOnlyForDeploymentPostprocessing = 0;
		};
		6C612B202A62BC9800440990 /* Sources */ = {
			isa = PBXSourcesBuildPhase;
			buildActionMask = 2147483647;
			files = (
				6C612B292A62BC9800440990 /* CoinsUITests.swift in Sources */,
				6C612B2B2A62BC9800440990 /* CoinsUITestsLaunchTests.swift in Sources */,
			);
			runOnlyForDeploymentPostprocessing = 0;
		};
/* End PBXSourcesBuildPhase section */

/* Begin PBXTargetDependency section */
		6C612B1C2A62BC9800440990 /* PBXTargetDependency */ = {
			isa = PBXTargetDependency;
			target = 6C612B032A62BC9700440990 /* Coins */;
			targetProxy = 6C612B1B2A62BC9800440990 /* PBXContainerItemProxy */;
		};
		6C612B262A62BC9800440990 /* PBXTargetDependency */ = {
			isa = PBXTargetDependency;
			target = 6C612B032A62BC9700440990 /* Coins */;
			targetProxy = 6C612B252A62BC9800440990 /* PBXContainerItemProxy */;
		};
/* End PBXTargetDependency section */

/* Begin PBXVariantGroup section */
		6C612B122A62BC9800440990 /* LaunchScreen.storyboard */ = {
			isa = PBXVariantGroup;
			children = (
				6C612B132A62BC9800440990 /* Base */,
			);
			name = LaunchScreen.storyboard;
			sourceTree = "<group>";
		};
/* End PBXVariantGroup section */

/* Begin XCBuildConfiguration section */
		6C612B2C2A62BC9800440990 /* Debug */ = {
			isa = XCBuildConfiguration;
			buildSettings = {
				ALWAYS_SEARCH_USER_PATHS = NO;
				CLANG_ANALYZER_NONNULL = YES;
				CLANG_ANALYZER_NUMBER_OBJECT_CONVERSION = YES_AGGRESSIVE;
				CLANG_CXX_LANGUAGE_STANDARD = "gnu++20";
				CLANG_ENABLE_MODULES = YES;
				CLANG_ENABLE_OBJC_ARC = YES;
				CLANG_ENABLE_OBJC_WEAK = YES;
				CLANG_WARN_BLOCK_CAPTURE_AUTORELEASING = YES;
				CLANG_WARN_BOOL_CONVERSION = YES;
				CLANG_WARN_COMMA = YES;
				CLANG_WARN_CONSTANT_CONVERSION = YES;
				CLANG_WARN_DEPRECATED_OBJC_IMPLEMENTATIONS = YES;
				CLANG_WARN_DIRECT_OBJC_ISA_USAGE = YES_ERROR;
				CLANG_WARN_DOCUMENTATION_COMMENTS = YES;
				CLANG_WARN_EMPTY_BODY = YES;
				CLANG_WARN_ENUM_CONVERSION = YES;
				CLANG_WARN_INFINITE_RECURSION = YES;
				CLANG_WARN_INT_CONVERSION = YES;
				CLANG_WARN_NON_LITERAL_NULL_CONVERSION = YES;
				CLANG_WARN_OBJC_IMPLICIT_RETAIN_SELF = YES;
				CLANG_WARN_OBJC_LITERAL_CONVERSION = YES;
				CLANG_WARN_OBJC_ROOT_CLASS = YES_ERROR;
				CLANG_WARN_QUOTED_INCLUDE_IN_FRAMEWORK_HEADER = YES;
				CLANG_WARN_RANGE_LOOP_ANALYSIS = YES;
				CLANG_WARN_STRICT_PROTOTYPES = YES;
				CLANG_WARN_SUSPICIOUS_MOVE = YES;
				CLANG_WARN_UNGUARDED_AVAILABILITY = YES_AGGRESSIVE;
				CLANG_WARN_UNREACHABLE_CODE = YES;
				CLANG_WARN__DUPLICATE_METHOD_MATCH = YES;
				COPY_PHASE_STRIP = NO;
				DEBUG_INFORMATION_FORMAT = dwarf;
				ENABLE_STRICT_OBJC_MSGSEND = YES;
				ENABLE_TESTABILITY = YES;
				GCC_C_LANGUAGE_STANDARD = gnu11;
				GCC_DYNAMIC_NO_PIC = NO;
				GCC_NO_COMMON_BLOCKS = YES;
				GCC_OPTIMIZATION_LEVEL = 0;
				GCC_PREPROCESSOR_DEFINITIONS = (
					"DEBUG=1",
					"$(inherited)",
				);
				GCC_WARN_64_TO_32_BIT_CONVERSION = YES;
				GCC_WARN_ABOUT_RETURN_TYPE = YES_ERROR;
				GCC_WARN_UNDECLARED_SELECTOR = YES;
				GCC_WARN_UNINITIALIZED_AUTOS = YES_AGGRESSIVE;
				GCC_WARN_UNUSED_FUNCTION = YES;
				GCC_WARN_UNUSED_VARIABLE = YES;
				IPHONEOS_DEPLOYMENT_TARGET = 16.4;
				MTL_ENABLE_DEBUG_INFO = INCLUDE_SOURCE;
				MTL_FAST_MATH = YES;
				ONLY_ACTIVE_ARCH = YES;
				SDKROOT = iphoneos;
				SWIFT_ACTIVE_COMPILATION_CONDITIONS = DEBUG;
				SWIFT_OPTIMIZATION_LEVEL = "-Onone";
			};
			name = Debug;
		};
		6C612B2D2A62BC9800440990 /* Release */ = {
			isa = XCBuildConfiguration;
			buildSettings = {
				ALWAYS_SEARCH_USER_PATHS = NO;
				CLANG_ANALYZER_NONNULL = YES;
				CLANG_ANALYZER_NUMBER_OBJECT_CONVERSION = YES_AGGRESSIVE;
				CLANG_CXX_LANGUAGE_STANDARD = "gnu++20";
				CLANG_ENABLE_MODULES = YES;
				CLANG_ENABLE_OBJC_ARC = YES;
				CLANG_ENABLE_OBJC_WEAK = YES;
				CLANG_WARN_BLOCK_CAPTURE_AUTORELEASING = YES;
				CLANG_WARN_BOOL_CONVERSION = YES;
				CLANG_WARN_COMMA = YES;
				CLANG_WARN_CONSTANT_CONVERSION = YES;
				CLANG_WARN_DEPRECATED_OBJC_IMPLEMENTATIONS = YES;
				CLANG_WARN_DIRECT_OBJC_ISA_USAGE = YES_ERROR;
				CLANG_WARN_DOCUMENTATION_COMMENTS = YES;
				CLANG_WARN_EMPTY_BODY = YES;
				CLANG_WARN_ENUM_CONVERSION = YES;
				CLANG_WARN_INFINITE_RECURSION = YES;
				CLANG_WARN_INT_CONVERSION = YES;
				CLANG_WARN_NON_LITERAL_NULL_CONVERSION = YES;
				CLANG_WARN_OBJC_IMPLICIT_RETAIN_SELF = YES;
				CLANG_WARN_OBJC_LITERAL_CONVERSION = YES;
				CLANG_WARN_OBJC_ROOT_CLASS = YES_ERROR;
				CLANG_WARN_QUOTED_INCLUDE_IN_FRAMEWORK_HEADER = YES;
				CLANG_WARN_RANGE_LOOP_ANALYSIS = YES;
				CLANG_WARN_STRICT_PROTOTYPES = YES;
				CLANG_WARN_SUSPICIOUS_MOVE = YES;
				CLANG_WARN_UNGUARDED_AVAILABILITY = YES_AGGRESSIVE;
				CLANG_WARN_UNREACHABLE_CODE = YES;
				CLANG_WARN__DUPLICATE_METHOD_MATCH = YES;
				COPY_PHASE_STRIP = NO;
				DEBUG_INFORMATION_FORMAT = "dwarf-with-dsym";
				ENABLE_NS_ASSERTIONS = NO;
				ENABLE_STRICT_OBJC_MSGSEND = YES;
				GCC_C_LANGUAGE_STANDARD = gnu11;
				GCC_NO_COMMON_BLOCKS = YES;
				GCC_WARN_64_TO_32_BIT_CONVERSION = YES;
				GCC_WARN_ABOUT_RETURN_TYPE = YES_ERROR;
				GCC_WARN_UNDECLARED_SELECTOR = YES;
				GCC_WARN_UNINITIALIZED_AUTOS = YES_AGGRESSIVE;
				GCC_WARN_UNUSED_FUNCTION = YES;
				GCC_WARN_UNUSED_VARIABLE = YES;
				IPHONEOS_DEPLOYMENT_TARGET = 16.4;
				MTL_ENABLE_DEBUG_INFO = NO;
				MTL_FAST_MATH = YES;
				SDKROOT = iphoneos;
				SWIFT_COMPILATION_MODE = wholemodule;
				SWIFT_OPTIMIZATION_LEVEL = "-O";
				VALIDATE_PRODUCT = YES;
			};
			name = Release;
		};
		6C612B2F2A62BC9800440990 /* Debug */ = {
			isa = XCBuildConfiguration;
			baseConfigurationReference = 0B9441D6E9266EB3E715929B /* Pods-Coins.debug.xcconfig */;
			buildSettings = {
				ASSETCATALOG_COMPILER_APPICON_NAME = AppIcon;
				ASSETCATALOG_COMPILER_GLOBAL_ACCENT_COLOR_NAME = AccentColor;
				CODE_SIGN_STYLE = Automatic;
				CURRENT_PROJECT_VERSION = 1;
				DEVELOPMENT_TEAM = BYS83TMS8Q;
				GENERATE_INFOPLIST_FILE = YES;
				INFOPLIST_FILE = Coins/Info.plist;
				INFOPLIST_KEY_UIApplicationSupportsIndirectInputEvents = YES;
				INFOPLIST_KEY_UILaunchStoryboardName = LaunchScreen;
				INFOPLIST_KEY_UISupportedInterfaceOrientations_iPad = "UIInterfaceOrientationPortrait UIInterfaceOrientationPortraitUpsideDown UIInterfaceOrientationLandscapeLeft UIInterfaceOrientationLandscapeRight";
				INFOPLIST_KEY_UISupportedInterfaceOrientations_iPhone = "UIInterfaceOrientationPortrait UIInterfaceOrientationLandscapeLeft UIInterfaceOrientationLandscapeRight";
				IPHONEOS_DEPLOYMENT_TARGET = 16.0;
				LD_RUNPATH_SEARCH_PATHS = (
					"$(inherited)",
					"@executable_path/Frameworks",
				);
				MARKETING_VERSION = 1.0;
				PRODUCT_BUNDLE_IDENTIFIER = IhnatievDima.Coins;
				PRODUCT_NAME = "$(TARGET_NAME)";
				SUPPORTED_PLATFORMS = "iphoneos iphonesimulator";
				SUPPORTS_MACCATALYST = NO;
				SUPPORTS_MAC_DESIGNED_FOR_IPHONE_IPAD = NO;
				SWIFT_EMIT_LOC_STRINGS = YES;
				SWIFT_VERSION = 5.0;
				TARGETED_DEVICE_FAMILY = 1;
			};
			name = Debug;
		};
		6C612B302A62BC9800440990 /* Release */ = {
			isa = XCBuildConfiguration;
			baseConfigurationReference = 309302D3988B4DEC84F90812 /* Pods-Coins.release.xcconfig */;
			buildSettings = {
				ASSETCATALOG_COMPILER_APPICON_NAME = AppIcon;
				ASSETCATALOG_COMPILER_GLOBAL_ACCENT_COLOR_NAME = AccentColor;
				CODE_SIGN_STYLE = Automatic;
				CURRENT_PROJECT_VERSION = 1;
				DEVELOPMENT_TEAM = BYS83TMS8Q;
				GENERATE_INFOPLIST_FILE = YES;
				INFOPLIST_FILE = Coins/Info.plist;
				INFOPLIST_KEY_UIApplicationSupportsIndirectInputEvents = YES;
				INFOPLIST_KEY_UILaunchStoryboardName = LaunchScreen;
				INFOPLIST_KEY_UISupportedInterfaceOrientations_iPad = "UIInterfaceOrientationPortrait UIInterfaceOrientationPortraitUpsideDown UIInterfaceOrientationLandscapeLeft UIInterfaceOrientationLandscapeRight";
				INFOPLIST_KEY_UISupportedInterfaceOrientations_iPhone = "UIInterfaceOrientationPortrait UIInterfaceOrientationLandscapeLeft UIInterfaceOrientationLandscapeRight";
				IPHONEOS_DEPLOYMENT_TARGET = 16.0;
				LD_RUNPATH_SEARCH_PATHS = (
					"$(inherited)",
					"@executable_path/Frameworks",
				);
				MARKETING_VERSION = 1.0;
				PRODUCT_BUNDLE_IDENTIFIER = IhnatievDima.Coins;
				PRODUCT_NAME = "$(TARGET_NAME)";
				SUPPORTED_PLATFORMS = "iphoneos iphonesimulator";
				SUPPORTS_MACCATALYST = NO;
				SUPPORTS_MAC_DESIGNED_FOR_IPHONE_IPAD = NO;
				SWIFT_EMIT_LOC_STRINGS = YES;
				SWIFT_VERSION = 5.0;
				TARGETED_DEVICE_FAMILY = 1;
			};
			name = Release;
		};
		6C612B322A62BC9800440990 /* Debug */ = {
			isa = XCBuildConfiguration;
			baseConfigurationReference = 15EADA7079395D3BAEF5156F /* Pods-CoinsTests.debug.xcconfig */;
			buildSettings = {
				ALWAYS_EMBED_SWIFT_STANDARD_LIBRARIES = YES;
				BUNDLE_LOADER = "$(TEST_HOST)";
				CODE_SIGN_STYLE = Automatic;
				CURRENT_PROJECT_VERSION = 1;
				DEVELOPMENT_TEAM = BYS83TMS8Q;
				GENERATE_INFOPLIST_FILE = YES;
				IPHONEOS_DEPLOYMENT_TARGET = 16.4;
				MARKETING_VERSION = 1.0;
				PRODUCT_BUNDLE_IDENTIFIER = IhnatievDima.CoinsTests;
				PRODUCT_NAME = "$(TARGET_NAME)";
				SWIFT_EMIT_LOC_STRINGS = NO;
				SWIFT_VERSION = 5.0;
				TARGETED_DEVICE_FAMILY = "1,2";
				TEST_HOST = "$(BUILT_PRODUCTS_DIR)/Coins.app/$(BUNDLE_EXECUTABLE_FOLDER_PATH)/Coins";
			};
			name = Debug;
		};
		6C612B332A62BC9800440990 /* Release */ = {
			isa = XCBuildConfiguration;
			baseConfigurationReference = 647FB2D98E0A8BDC544027B9 /* Pods-CoinsTests.release.xcconfig */;
			buildSettings = {
				ALWAYS_EMBED_SWIFT_STANDARD_LIBRARIES = YES;
				BUNDLE_LOADER = "$(TEST_HOST)";
				CODE_SIGN_STYLE = Automatic;
				CURRENT_PROJECT_VERSION = 1;
				DEVELOPMENT_TEAM = BYS83TMS8Q;
				GENERATE_INFOPLIST_FILE = YES;
				IPHONEOS_DEPLOYMENT_TARGET = 16.4;
				MARKETING_VERSION = 1.0;
				PRODUCT_BUNDLE_IDENTIFIER = IhnatievDima.CoinsTests;
				PRODUCT_NAME = "$(TARGET_NAME)";
				SWIFT_EMIT_LOC_STRINGS = NO;
				SWIFT_VERSION = 5.0;
				TARGETED_DEVICE_FAMILY = "1,2";
				TEST_HOST = "$(BUILT_PRODUCTS_DIR)/Coins.app/$(BUNDLE_EXECUTABLE_FOLDER_PATH)/Coins";
			};
			name = Release;
		};
		6C612B352A62BC9800440990 /* Debug */ = {
			isa = XCBuildConfiguration;
			baseConfigurationReference = 0E63C790CB6A227B205B5330 /* Pods-Coins-CoinsUITests.debug.xcconfig */;
			buildSettings = {
				ALWAYS_EMBED_SWIFT_STANDARD_LIBRARIES = YES;
				CODE_SIGN_STYLE = Automatic;
				CURRENT_PROJECT_VERSION = 1;
				DEVELOPMENT_TEAM = BYS83TMS8Q;
				GENERATE_INFOPLIST_FILE = YES;
				MARKETING_VERSION = 1.0;
				PRODUCT_BUNDLE_IDENTIFIER = IhnatievDima.CoinsUITests;
				PRODUCT_NAME = "$(TARGET_NAME)";
				SWIFT_EMIT_LOC_STRINGS = NO;
				SWIFT_VERSION = 5.0;
				TARGETED_DEVICE_FAMILY = "1,2";
				TEST_TARGET_NAME = Coins;
			};
			name = Debug;
		};
		6C612B362A62BC9800440990 /* Release */ = {
			isa = XCBuildConfiguration;
			baseConfigurationReference = B1C01A9821C0ED30865C7B30 /* Pods-Coins-CoinsUITests.release.xcconfig */;
			buildSettings = {
				ALWAYS_EMBED_SWIFT_STANDARD_LIBRARIES = YES;
				CODE_SIGN_STYLE = Automatic;
				CURRENT_PROJECT_VERSION = 1;
				DEVELOPMENT_TEAM = BYS83TMS8Q;
				GENERATE_INFOPLIST_FILE = YES;
				MARKETING_VERSION = 1.0;
				PRODUCT_BUNDLE_IDENTIFIER = IhnatievDima.CoinsUITests;
				PRODUCT_NAME = "$(TARGET_NAME)";
				SWIFT_EMIT_LOC_STRINGS = NO;
				SWIFT_VERSION = 5.0;
				TARGETED_DEVICE_FAMILY = "1,2";
				TEST_TARGET_NAME = Coins;
			};
			name = Release;
		};
/* End XCBuildConfiguration section */

/* Begin XCConfigurationList section */
		6C612AFF2A62BC9700440990 /* Build configuration list for PBXProject "Coins" */ = {
			isa = XCConfigurationList;
			buildConfigurations = (
				6C612B2C2A62BC9800440990 /* Debug */,
				6C612B2D2A62BC9800440990 /* Release */,
			);
			defaultConfigurationIsVisible = 0;
			defaultConfigurationName = Release;
		};
		6C612B2E2A62BC9800440990 /* Build configuration list for PBXNativeTarget "Coins" */ = {
			isa = XCConfigurationList;
			buildConfigurations = (
				6C612B2F2A62BC9800440990 /* Debug */,
				6C612B302A62BC9800440990 /* Release */,
			);
			defaultConfigurationIsVisible = 0;
			defaultConfigurationName = Release;
		};
		6C612B312A62BC9800440990 /* Build configuration list for PBXNativeTarget "CoinsTests" */ = {
			isa = XCConfigurationList;
			buildConfigurations = (
				6C612B322A62BC9800440990 /* Debug */,
				6C612B332A62BC9800440990 /* Release */,
			);
			defaultConfigurationIsVisible = 0;
			defaultConfigurationName = Release;
		};
		6C612B342A62BC9800440990 /* Build configuration list for PBXNativeTarget "CoinsUITests" */ = {
			isa = XCConfigurationList;
			buildConfigurations = (
				6C612B352A62BC9800440990 /* Debug */,
				6C612B362A62BC9800440990 /* Release */,
			);
			defaultConfigurationIsVisible = 0;
			defaultConfigurationName = Release;
		};
/* End XCConfigurationList section */
	};
	rootObject = 6C612AFC2A62BC9700440990 /* Project object */;
}
